
Microsoft Visual Studio Solution File, Format Version 12.00
# Visual Studio Version 17
VisualStudioVersion = 17.13.35931.197 d17.13
MinimumVisualStudioVersion = 10.0.40219.1
Project("{FAE04EC0-301F-11D3-BF4B-00C04F79EFBC}") = "AkilliYemekTarifOneriSistemi", "AkilliYemekTarifOneriSistemi\AkilliYemekTarifOneriSistemi.csproj", "{28389B8B-F1A0-4AB9-A33B-B5FBA1782DCC}"
EndProject
Global
	GlobalSection(SolutionConfigurationPlatforms) = preSolution
		Debug|Any CPU = Debug|Any CPU
		Release|Any CPU = Release|Any CPU
	EndGlobalSection
	GlobalSection(ProjectConfigurationPlatforms) = postSolution
		{28389B8B-F1A0-4AB9-A33B-B5FBA1782DCC}.Debug|Any CPU.ActiveCfg = Debug|Any CPU
		{28389B8B-F1A0-4AB9-A33B-B5FBA1782DCC}.Debug|Any CPU.Build.0 = Debug|Any CPU
		{28389B8B-F1A0-4AB9-A33B-B5FBA1782DCC}.Release|Any CPU.ActiveCfg = Release|Any CPU
		{28389B8B-F1A0-4AB9-A33B-B5FBA1782DCC}.Release|Any CPU.Build.0 = Release|Any CPU
	EndGlobalSection
	GlobalSection(SolutionProperties) = preSolution
		HideSolutionNode = FALSE
	EndGlobalSection
	GlobalSection(ExtensibilityGlobals) = postSolution
		SolutionGuid = {F18596CE-C59C-442D-B51F-B1AC51AEE0CF}
	EndGlobalSection
EndGlobal
